
Microsoft Visual Studio Solution File, Format Version 12.00
# Visual Studio Version 16
VisualStudioVersion = 16.0.30002.166
MinimumVisualStudioVersion = 10.0.40219.1
Project("{FAE04EC0-301F-11D3-BF4B-00C04F79EFBC}") = "ModularSynth", "ModularSynth\ModularSynth.csproj", "{A844BD46-E8D3-4630-A8F2-4AF64C9AFC56}"
EndProject
Global
	GlobalSection(SolutionConfigurationPlatforms) = preSolution
		Debug|Any CPU = Debug|Any CPU
		Release|Any CPU = Release|Any CPU
	EndGlobalSection
	GlobalSection(ProjectConfigurationPlatforms) = postSolution
		{A844BD46-E8D3-4630-A8F2-4AF64C9AFC56}.Debug|Any CPU.ActiveCfg = Debug|Any CPU
		{A844BD46-E8D3-4630-A8F2-4AF64C9AFC56}.Debug|Any CPU.Build.0 = Debug|Any CPU
		{A844BD46-E8D3-4630-A8F2-4AF64C9AFC56}.Release|Any CPU.ActiveCfg = Release|Any CPU
		{A844BD46-E8D3-4630-A8F2-4AF64C9AFC56}.Release|Any CPU.Build.0 = Release|Any CPU
	EndGlobalSection
	GlobalSection(SolutionProperties) = preSolution
		HideSolutionNode = FALSE
	EndGlobalSection
	GlobalSection(ExtensibilityGlobals) = postSolution
		SolutionGuid = {33C2155D-01C0-4F75-B67C-6ACA88F4D426}
	EndGlobalSection
EndGlobal
